// !$*UTF8*$!
{
	archiveVersion = 1;
	classes = {
	};
	objectVersion = 56;
	objects = {

/* Begin PBXBuildFile section */
		57BBF7BA2BAF430E007EC31E /* AppDelegate.swift in Sources */ = {isa = PBXBuildFile; fileRef = 57BBF7B92BAF430E007EC31E /* AppDelegate.swift */; };
		57BBF7BC2BAF430E007EC31E /* SceneDelegate.swift in Sources */ = {isa = PBXBuildFile; fileRef = 57BBF7BB2BAF430E007EC31E /* SceneDelegate.swift */; };
		57BBF7C32BAF4310007EC31E /* Assets.xcassets in Resources */ = {isa = PBXBuildFile; fileRef = 57BBF7C22BAF4310007EC31E /* Assets.xcassets */; };
		57BBF7C62BAF4310007EC31E /* LaunchScreen.storyboard in Resources */ = {isa = PBXBuildFile; fileRef = 57BBF7C42BAF4310007EC31E /* LaunchScreen.storyboard */; };
		57BBF7D32BAF4608007EC31E /* Colors.xcassets in Resources */ = {isa = PBXBuildFile; fileRef = 57BBF7D22BAF4608007EC31E /* Colors.xcassets */; };
		57BBF7D62BAF4693007EC31E /* Factory.swift in Sources */ = {isa = PBXBuildFile; fileRef = 57BBF7D52BAF4693007EC31E /* Factory.swift */; };
		57BBF7DA2BAF46AA007EC31E /* TabBarViewContoller.swift in Sources */ = {isa = PBXBuildFile; fileRef = 57BBF7D82BAF46AA007EC31E /* TabBarViewContoller.swift */; };
		57BBF7DB2BAF46AA007EC31E /* TabBarFactory.swift in Sources */ = {isa = PBXBuildFile; fileRef = 57BBF7D92BAF46AA007EC31E /* TabBarFactory.swift */; };
		57BBF7DE2BAF46B6007EC31E /* Router.swift in Sources */ = {isa = PBXBuildFile; fileRef = 57BBF7DD2BAF46B6007EC31E /* Router.swift */; };
		57BBF7E22BAF4933007EC31E /* SharedCardModel.swift in Sources */ = {isa = PBXBuildFile; fileRef = 57BBF7E12BAF4933007EC31E /* SharedCardModel.swift */; };
		57BBF7E42BAF8BF8007EC31E /* Images.xcassets in Resources */ = {isa = PBXBuildFile; fileRef = 57BBF7E32BAF8BF8007EC31E /* Images.xcassets */; };
		57D678422BC5BD4200B6E132 /* AuthentificationView.swift in Sources */ = {isa = PBXBuildFile; fileRef = 57D678412BC5BD4200B6E132 /* AuthentificationView.swift */; };
		57D678452BC5C7AD00B6E132 /* ViewModelConfigurable.swift in Sources */ = {isa = PBXBuildFile; fileRef = 57D678442BC5C7AD00B6E132 /* ViewModelConfigurable.swift */; };
		57D678472BC5C96600B6E132 /* AuthentificationViewController.swift in Sources */ = {isa = PBXBuildFile; fileRef = 57D678462BC5C96600B6E132 /* AuthentificationViewController.swift */; };
		57D678492BC5CF5000B6E132 /* AuthentificationInteractor.swift in Sources */ = {isa = PBXBuildFile; fileRef = 57D678482BC5CF5000B6E132 /* AuthentificationInteractor.swift */; };
		57D6784B2BC5F29C00B6E132 /* AuthentificationPresenter.swift in Sources */ = {isa = PBXBuildFile; fileRef = 57D6784A2BC5F29C00B6E132 /* AuthentificationPresenter.swift */; };
		57D6784D2BC5F5F400B6E132 /* AuthentificationRoutes.swift in Sources */ = {isa = PBXBuildFile; fileRef = 57D6784C2BC5F5F400B6E132 /* AuthentificationRoutes.swift */; };
		57D6784F2BC5F66B00B6E132 /* AuthentificationFabric.swift in Sources */ = {isa = PBXBuildFile; fileRef = 57D6784E2BC5F66B00B6E132 /* AuthentificationFabric.swift */; };
		57D678522BC5FCD900B6E132 /* ShapeView.swift in Sources */ = {isa = PBXBuildFile; fileRef = 57D678512BC5FCD900B6E132 /* ShapeView.swift */; };
		57D678542BC9CD1A00B6E132 /* MWPallete.swift in Sources */ = {isa = PBXBuildFile; fileRef = 57D678532BC9CD1A00B6E132 /* MWPallete.swift */; };
		57D678562BC9D14E00B6E132 /* MWFonts.swift in Sources */ = {isa = PBXBuildFile; fileRef = 57D678552BC9D14E00B6E132 /* MWFonts.swift */; };
		57D678582BC9F3FC00B6E132 /* MWImageAssets.swift in Sources */ = {isa = PBXBuildFile; fileRef = 57D678572BC9F3FC00B6E132 /* MWImageAssets.swift */; };
		57D6785A2BC9F55400B6E132 /* TextView.swift in Sources */ = {isa = PBXBuildFile; fileRef = 57D678592BC9F55400B6E132 /* TextView.swift */; };
		57D6785D2BC9F68A00B6E132 /* SnapKit in Frameworks */ = {isa = PBXBuildFile; productRef = 57D6785C2BC9F68A00B6E132 /* SnapKit */; };
		57D678602BC9F70F00B6E132 /* TextViewViewModel.swift in Sources */ = {isa = PBXBuildFile; fileRef = 57D6785F2BC9F70F00B6E132 /* TextViewViewModel.swift */; };
/* End PBXBuildFile section */

/* Begin PBXFileReference section */
		57BBF7B62BAF430E007EC31E /* MyWallet.app */ = {isa = PBXFileReference; explicitFileType = wrapper.application; includeInIndex = 0; path = MyWallet.app; sourceTree = BUILT_PRODUCTS_DIR; };
		57BBF7B92BAF430E007EC31E /* AppDelegate.swift */ = {isa = PBXFileReference; lastKnownFileType = sourcecode.swift; path = AppDelegate.swift; sourceTree = "<group>"; };
		57BBF7BB2BAF430E007EC31E /* SceneDelegate.swift */ = {isa = PBXFileReference; lastKnownFileType = sourcecode.swift; path = SceneDelegate.swift; sourceTree = "<group>"; };
		57BBF7C22BAF4310007EC31E /* Assets.xcassets */ = {isa = PBXFileReference; lastKnownFileType = folder.assetcatalog; path = Assets.xcassets; sourceTree = "<group>"; };
		57BBF7C52BAF4310007EC31E /* Base */ = {isa = PBXFileReference; lastKnownFileType = file.storyboard; name = Base; path = Base.lproj/LaunchScreen.storyboard; sourceTree = "<group>"; };
		57BBF7C72BAF4310007EC31E /* Info.plist */ = {isa = PBXFileReference; lastKnownFileType = text.plist.xml; path = Info.plist; sourceTree = "<group>"; };
		57BBF7D22BAF4608007EC31E /* Colors.xcassets */ = {isa = PBXFileReference; lastKnownFileType = folder.assetcatalog; path = Colors.xcassets; sourceTree = "<group>"; };
		57BBF7D52BAF4693007EC31E /* Factory.swift */ = {isa = PBXFileReference; fileEncoding = 4; lastKnownFileType = sourcecode.swift; path = Factory.swift; sourceTree = "<group>"; };
		57BBF7D82BAF46AA007EC31E /* TabBarViewContoller.swift */ = {isa = PBXFileReference; fileEncoding = 4; lastKnownFileType = sourcecode.swift; path = TabBarViewContoller.swift; sourceTree = "<group>"; };
		57BBF7D92BAF46AA007EC31E /* TabBarFactory.swift */ = {isa = PBXFileReference; fileEncoding = 4; lastKnownFileType = sourcecode.swift; path = TabBarFactory.swift; sourceTree = "<group>"; };
		57BBF7DD2BAF46B6007EC31E /* Router.swift */ = {isa = PBXFileReference; fileEncoding = 4; lastKnownFileType = sourcecode.swift; path = Router.swift; sourceTree = "<group>"; };
		57BBF7E12BAF4933007EC31E /* SharedCardModel.swift */ = {isa = PBXFileReference; lastKnownFileType = sourcecode.swift; path = SharedCardModel.swift; sourceTree = "<group>"; };
		57BBF7E32BAF8BF8007EC31E /* Images.xcassets */ = {isa = PBXFileReference; lastKnownFileType = folder.assetcatalog; path = Images.xcassets; sourceTree = "<group>"; };
		57D678412BC5BD4200B6E132 /* AuthentificationView.swift */ = {isa = PBXFileReference; lastKnownFileType = sourcecode.swift; path = AuthentificationView.swift; sourceTree = "<group>"; };
		57D678442BC5C7AD00B6E132 /* ViewModelConfigurable.swift */ = {isa = PBXFileReference; lastKnownFileType = sourcecode.swift; path = ViewModelConfigurable.swift; sourceTree = "<group>"; };
		57D678462BC5C96600B6E132 /* AuthentificationViewController.swift */ = {isa = PBXFileReference; lastKnownFileType = sourcecode.swift; path = AuthentificationViewController.swift; sourceTree = "<group>"; };
		57D678482BC5CF5000B6E132 /* AuthentificationInteractor.swift */ = {isa = PBXFileReference; lastKnownFileType = sourcecode.swift; path = AuthentificationInteractor.swift; sourceTree = "<group>"; };
		57D6784A2BC5F29C00B6E132 /* AuthentificationPresenter.swift */ = {isa = PBXFileReference; lastKnownFileType = sourcecode.swift; path = AuthentificationPresenter.swift; sourceTree = "<group>"; };
		57D6784C2BC5F5F400B6E132 /* AuthentificationRoutes.swift */ = {isa = PBXFileReference; lastKnownFileType = sourcecode.swift; path = AuthentificationRoutes.swift; sourceTree = "<group>"; };
		57D6784E2BC5F66B00B6E132 /* AuthentificationFabric.swift */ = {isa = PBXFileReference; lastKnownFileType = sourcecode.swift; path = AuthentificationFabric.swift; sourceTree = "<group>"; };
		57D678512BC5FCD900B6E132 /* ShapeView.swift */ = {isa = PBXFileReference; lastKnownFileType = sourcecode.swift; path = ShapeView.swift; sourceTree = "<group>"; };
		57D678532BC9CD1A00B6E132 /* MWPallete.swift */ = {isa = PBXFileReference; lastKnownFileType = sourcecode.swift; path = MWPallete.swift; sourceTree = "<group>"; };
		57D678552BC9D14E00B6E132 /* MWFonts.swift */ = {isa = PBXFileReference; lastKnownFileType = sourcecode.swift; path = MWFonts.swift; sourceTree = "<group>"; };
		57D678572BC9F3FC00B6E132 /* MWImageAssets.swift */ = {isa = PBXFileReference; lastKnownFileType = sourcecode.swift; path = MWImageAssets.swift; sourceTree = "<group>"; };
		57D678592BC9F55400B6E132 /* TextView.swift */ = {isa = PBXFileReference; lastKnownFileType = sourcecode.swift; path = TextView.swift; sourceTree = "<group>"; };
		57D6785F2BC9F70F00B6E132 /* TextViewViewModel.swift */ = {isa = PBXFileReference; lastKnownFileType = sourcecode.swift; path = TextViewViewModel.swift; sourceTree = "<group>"; };
/* End PBXFileReference section */

/* Begin PBXFrameworksBuildPhase section */
		57BBF7B32BAF430E007EC31E /* Frameworks */ = {
			isa = PBXFrameworksBuildPhase;
			buildActionMask = 2147483647;
			files = (
				57D6785D2BC9F68A00B6E132 /* SnapKit in Frameworks */,
			);
			runOnlyForDeploymentPostprocessing = 0;
		};
/* End PBXFrameworksBuildPhase section */

/* Begin PBXGroup section */
		57BBF7AD2BAF430E007EC31E = {
			isa = PBXGroup;
			children = (
				57BBF7B82BAF430E007EC31E /* MyWallet */,
				57BBF7B72BAF430E007EC31E /* Products */,
			);
			sourceTree = "<group>";
		};
		57BBF7B72BAF430E007EC31E /* Products */ = {
			isa = PBXGroup;
			children = (
				57BBF7B62BAF430E007EC31E /* MyWallet.app */,
			);
			name = Products;
			sourceTree = "<group>";
		};
		57BBF7B82BAF430E007EC31E /* MyWallet */ = {
			isa = PBXGroup;
			children = (
				57BBF7CE2BAF4390007EC31E /* Modules */,
				57BBF7D02BAF43D2007EC31E /* Resources */,
				57BBF7CF2BAF43BE007EC31E /* Components */,
				57BBF7DF2BAF46DF007EC31E /* Services */,
				57BBF7D12BAF43FC007EC31E /* Protocols */,
				57BBF7CD2BAF4341007EC31E /* App */,
			);
			path = MyWallet;
			sourceTree = "<group>";
		};
		57BBF7CD2BAF4341007EC31E /* App */ = {
			isa = PBXGroup;
			children = (
				57BBF7BB2BAF430E007EC31E /* SceneDelegate.swift */,
				57BBF7B92BAF430E007EC31E /* AppDelegate.swift */,
			);
			path = App;
			sourceTree = "<group>";
		};
		57BBF7CE2BAF4390007EC31E /* Modules */ = {
			isa = PBXGroup;
			children = (
				57D6783F2BC5B82300B6E132 /* Authentification */,
			);
			path = Modules;
			sourceTree = "<group>";
		};
		57BBF7CF2BAF43BE007EC31E /* Components */ = {
			isa = PBXGroup;
			children = (
				57D678502BC5FCC200B6E132 /* Views */,
				57BBF7E02BAF4919007EC31E /* SharedModels */,
				57BBF7DC2BAF46B6007EC31E /* Router */,
				57BBF7D72BAF46AA007EC31E /* TabBarController */,
			);
			path = Components;
			sourceTree = "<group>";
		};
		57BBF7D02BAF43D2007EC31E /* Resources */ = {
			isa = PBXGroup;
			children = (
				57BBF7C22BAF4310007EC31E /* Assets.xcassets */,
				57BBF7C42BAF4310007EC31E /* LaunchScreen.storyboard */,
				57BBF7C72BAF4310007EC31E /* Info.plist */,
				57BBF7D22BAF4608007EC31E /* Colors.xcassets */,
				57BBF7E32BAF8BF8007EC31E /* Images.xcassets */,
				57D678532BC9CD1A00B6E132 /* MWPallete.swift */,
				57D678552BC9D14E00B6E132 /* MWFonts.swift */,
				57D678572BC9F3FC00B6E132 /* MWImageAssets.swift */,
			);
			path = Resources;
			sourceTree = "<group>";
		};
		57BBF7D12BAF43FC007EC31E /* Protocols */ = {
			isa = PBXGroup;
			children = (
				57D678432BC5C7A500B6E132 /* ViewModelConfigurable */,
				57BBF7D42BAF4693007EC31E /* Factory */,
			);
			path = Protocols;
			sourceTree = "<group>";
		};
		57BBF7D42BAF4693007EC31E /* Factory */ = {
			isa = PBXGroup;
			children = (
				57BBF7D52BAF4693007EC31E /* Factory.swift */,
			);
			path = Factory;
			sourceTree = "<group>";
		};
		57BBF7D72BAF46AA007EC31E /* TabBarController */ = {
			isa = PBXGroup;
			children = (
				57BBF7D82BAF46AA007EC31E /* TabBarViewContoller.swift */,
				57BBF7D92BAF46AA007EC31E /* TabBarFactory.swift */,
			);
			path = TabBarController;
			sourceTree = "<group>";
		};
		57BBF7DC2BAF46B6007EC31E /* Router */ = {
			isa = PBXGroup;
			children = (
				57BBF7DD2BAF46B6007EC31E /* Router.swift */,
			);
			path = Router;
			sourceTree = "<group>";
		};
		57BBF7DF2BAF46DF007EC31E /* Services */ = {
			isa = PBXGroup;
			children = (
			);
			path = Services;
			sourceTree = "<group>";
		};
		57BBF7E02BAF4919007EC31E /* SharedModels */ = {
			isa = PBXGroup;
			children = (
				57BBF7E12BAF4933007EC31E /* SharedCardModel.swift */,
			);
			path = SharedModels;
			sourceTree = "<group>";
		};
		57D6783F2BC5B82300B6E132 /* Authentification */ = {
			isa = PBXGroup;
			children = (
				57D678402BC5BD2600B6E132 /* View */,
				57D678462BC5C96600B6E132 /* AuthentificationViewController.swift */,
				57D678482BC5CF5000B6E132 /* AuthentificationInteractor.swift */,
				57D6784A2BC5F29C00B6E132 /* AuthentificationPresenter.swift */,
				57D6784C2BC5F5F400B6E132 /* AuthentificationRoutes.swift */,
				57D6784E2BC5F66B00B6E132 /* AuthentificationFabric.swift */,
			);
			path = Authentification;
			sourceTree = "<group>";
		};
		57D678402BC5BD2600B6E132 /* View */ = {
			isa = PBXGroup;
			children = (
				57D678412BC5BD4200B6E132 /* AuthentificationView.swift */,
			);
			path = View;
			sourceTree = "<group>";
		};
		57D678432BC5C7A500B6E132 /* ViewModelConfigurable */ = {
			isa = PBXGroup;
			children = (
				57D678442BC5C7AD00B6E132 /* ViewModelConfigurable.swift */,
			);
			path = ViewModelConfigurable;
			sourceTree = "<group>";
		};
		57D678502BC5FCC200B6E132 /* Views */ = {
			isa = PBXGroup;
			children = (
				57D678512BC5FCD900B6E132 /* ShapeView.swift */,
				57D6785E2BC9F6FB00B6E132 /* TextView */,
			);
			path = Views;
			sourceTree = "<group>";
		};
		57D6785E2BC9F6FB00B6E132 /* TextView */ = {
			isa = PBXGroup;
			children = (
				57D678592BC9F55400B6E132 /* TextView.swift */,
				57D6785F2BC9F70F00B6E132 /* TextViewViewModel.swift */,
			);
			path = TextView;
			sourceTree = "<group>";
		};
/* End PBXGroup section */

/* Begin PBXNativeTarget section */
		57BBF7B52BAF430E007EC31E /* MyWallet */ = {
			isa = PBXNativeTarget;
			buildConfigurationList = 57BBF7CA2BAF4310007EC31E /* Build configuration list for PBXNativeTarget "MyWallet" */;
			buildPhases = (
				57BBF7B22BAF430E007EC31E /* Sources */,
				57BBF7B32BAF430E007EC31E /* Frameworks */,
				57BBF7B42BAF430E007EC31E /* Resources */,
			);
			buildRules = (
			);
			dependencies = (
			);
			name = MyWallet;
			packageProductDependencies = (
				57D6785C2BC9F68A00B6E132 /* SnapKit */,
			);
			productName = MyWallet;
			productReference = 57BBF7B62BAF430E007EC31E /* MyWallet.app */;
			productType = "com.apple.product-type.application";
		};
/* End PBXNativeTarget section */

/* Begin PBXProject section */
		57BBF7AE2BAF430E007EC31E /* Project object */ = {
			isa = PBXProject;
			attributes = {
				BuildIndependentTargetsInParallel = 1;
				LastSwiftUpdateCheck = 1520;
				LastUpgradeCheck = 1520;
				TargetAttributes = {
					57BBF7B52BAF430E007EC31E = {
						CreatedOnToolsVersion = 15.2;
					};
				};
			};
			buildConfigurationList = 57BBF7B12BAF430E007EC31E /* Build configuration list for PBXProject "MyWallet" */;
			compatibilityVersion = "Xcode 14.0";
			developmentRegion = en;
			hasScannedForEncodings = 0;
			knownRegions = (
				en,
				Base,
			);
			mainGroup = 57BBF7AD2BAF430E007EC31E;
			packageReferences = (
				57D6785B2BC9F68A00B6E132 /* XCRemoteSwiftPackageReference "SnapKit" */,
			);
			productRefGroup = 57BBF7B72BAF430E007EC31E /* Products */;
			projectDirPath = "";
			projectRoot = "";
			targets = (
				57BBF7B52BAF430E007EC31E /* MyWallet */,
			);
		};
/* End PBXProject section */

/* Begin PBXResourcesBuildPhase section */
		57BBF7B42BAF430E007EC31E /* Resources */ = {
			isa = PBXResourcesBuildPhase;
			buildActionMask = 2147483647;
			files = (
				57BBF7D32BAF4608007EC31E /* Colors.xcassets in Resources */,
				57BBF7E42BAF8BF8007EC31E /* Images.xcassets in Resources */,
				57BBF7C62BAF4310007EC31E /* LaunchScreen.storyboard in Resources */,
				57BBF7C32BAF4310007EC31E /* Assets.xcassets in Resources */,
			);
			runOnlyForDeploymentPostprocessing = 0;
		};
/* End PBXResourcesBuildPhase section */

/* Begin PBXSourcesBuildPhase section */
		57BBF7B22BAF430E007EC31E /* Sources */ = {
			isa = PBXSourcesBuildPhase;
			buildActionMask = 2147483647;
			files = (
				57D678562BC9D14E00B6E132 /* MWFonts.swift in Sources */,
				57D6784D2BC5F5F400B6E132 /* AuthentificationRoutes.swift in Sources */,
				57BBF7DA2BAF46AA007EC31E /* TabBarViewContoller.swift in Sources */,
				57D678542BC9CD1A00B6E132 /* MWPallete.swift in Sources */,
				57BBF7D62BAF4693007EC31E /* Factory.swift in Sources */,
				57D678492BC5CF5000B6E132 /* AuthentificationInteractor.swift in Sources */,
				57D6784B2BC5F29C00B6E132 /* AuthentificationPresenter.swift in Sources */,
				57D678422BC5BD4200B6E132 /* AuthentificationView.swift in Sources */,
				57D678522BC5FCD900B6E132 /* ShapeView.swift in Sources */,
				57BBF7E22BAF4933007EC31E /* SharedCardModel.swift in Sources */,
				57D6784F2BC5F66B00B6E132 /* AuthentificationFabric.swift in Sources */,
				57BBF7DE2BAF46B6007EC31E /* Router.swift in Sources */,
				57D678582BC9F3FC00B6E132 /* MWImageAssets.swift in Sources */,
				57D678472BC5C96600B6E132 /* AuthentificationViewController.swift in Sources */,
				57BBF7BA2BAF430E007EC31E /* AppDelegate.swift in Sources */,
				57D678452BC5C7AD00B6E132 /* ViewModelConfigurable.swift in Sources */,
				57BBF7DB2BAF46AA007EC31E /* TabBarFactory.swift in Sources */,
				57D6785A2BC9F55400B6E132 /* TextView.swift in Sources */,
				57D678602BC9F70F00B6E132 /* TextViewViewModel.swift in Sources */,
				57BBF7BC2BAF430E007EC31E /* SceneDelegate.swift in Sources */,
			);
			runOnlyForDeploymentPostprocessing = 0;
		};
/* End PBXSourcesBuildPhase section */

/* Begin PBXVariantGroup section */
		57BBF7C42BAF4310007EC31E /* LaunchScreen.storyboard */ = {
			isa = PBXVariantGroup;
			children = (
				57BBF7C52BAF4310007EC31E /* Base */,
			);
			name = LaunchScreen.storyboard;
			sourceTree = "<group>";
		};
/* End PBXVariantGroup section */

/* Begin XCBuildConfiguration section */
		57BBF7C82BAF4310007EC31E /* Debug */ = {
			isa = XCBuildConfiguration;
			buildSettings = {
				ALWAYS_SEARCH_USER_PATHS = NO;
				ASSETCATALOG_COMPILER_GENERATE_SWIFT_ASSET_SYMBOL_EXTENSIONS = YES;
				CLANG_ANALYZER_NONNULL = YES;
				CLANG_ANALYZER_NUMBER_OBJECT_CONVERSION = YES_AGGRESSIVE;
				CLANG_CXX_LANGUAGE_STANDARD = "gnu++20";
				CLANG_ENABLE_MODULES = YES;
				CLANG_ENABLE_OBJC_ARC = YES;
				CLANG_ENABLE_OBJC_WEAK = YES;
				CLANG_WARN_BLOCK_CAPTURE_AUTORELEASING = YES;
				CLANG_WARN_BOOL_CONVERSION = YES;
				CLANG_WARN_COMMA = YES;
				CLANG_WARN_CONSTANT_CONVERSION = YES;
				CLANG_WARN_DEPRECATED_OBJC_IMPLEMENTATIONS = YES;
				CLANG_WARN_DIRECT_OBJC_ISA_USAGE = YES_ERROR;
				CLANG_WARN_DOCUMENTATION_COMMENTS = YES;
				CLANG_WARN_EMPTY_BODY = YES;
				CLANG_WARN_ENUM_CONVERSION = YES;
				CLANG_WARN_INFINITE_RECURSION = YES;
				CLANG_WARN_INT_CONVERSION = YES;
				CLANG_WARN_NON_LITERAL_NULL_CONVERSION = YES;
				CLANG_WARN_OBJC_IMPLICIT_RETAIN_SELF = YES;
				CLANG_WARN_OBJC_LITERAL_CONVERSION = YES;
				CLANG_WARN_OBJC_ROOT_CLASS = YES_ERROR;
				CLANG_WARN_QUOTED_INCLUDE_IN_FRAMEWORK_HEADER = YES;
				CLANG_WARN_RANGE_LOOP_ANALYSIS = YES;
				CLANG_WARN_STRICT_PROTOTYPES = YES;
				CLANG_WARN_SUSPICIOUS_MOVE = YES;
				CLANG_WARN_UNGUARDED_AVAILABILITY = YES_AGGRESSIVE;
				CLANG_WARN_UNREACHABLE_CODE = YES;
				CLANG_WARN__DUPLICATE_METHOD_MATCH = YES;
				COPY_PHASE_STRIP = NO;
				DEBUG_INFORMATION_FORMAT = dwarf;
				ENABLE_STRICT_OBJC_MSGSEND = YES;
				ENABLE_TESTABILITY = YES;
				ENABLE_USER_SCRIPT_SANDBOXING = YES;
				GCC_C_LANGUAGE_STANDARD = gnu17;
				GCC_DYNAMIC_NO_PIC = NO;
				GCC_NO_COMMON_BLOCKS = YES;
				GCC_OPTIMIZATION_LEVEL = 0;
				GCC_PREPROCESSOR_DEFINITIONS = (
					"DEBUG=1",
					"$(inherited)",
				);
				GCC_WARN_64_TO_32_BIT_CONVERSION = YES;
				GCC_WARN_ABOUT_RETURN_TYPE = YES_ERROR;
				GCC_WARN_UNDECLARED_SELECTOR = YES;
				GCC_WARN_UNINITIALIZED_AUTOS = YES_AGGRESSIVE;
				GCC_WARN_UNUSED_FUNCTION = YES;
				GCC_WARN_UNUSED_VARIABLE = YES;
				IPHONEOS_DEPLOYMENT_TARGET = 17.2;
				LOCALIZATION_PREFERS_STRING_CATALOGS = YES;
				MTL_ENABLE_DEBUG_INFO = INCLUDE_SOURCE;
				MTL_FAST_MATH = YES;
				ONLY_ACTIVE_ARCH = YES;
				SDKROOT = iphoneos;
				SWIFT_ACTIVE_COMPILATION_CONDITIONS = "DEBUG $(inherited)";
				SWIFT_OPTIMIZATION_LEVEL = "-Onone";
			};
			name = Debug;
		};
		57BBF7C92BAF4310007EC31E /* Release */ = {
			isa = XCBuildConfiguration;
			buildSettings = {
				ALWAYS_SEARCH_USER_PATHS = NO;
				ASSETCATALOG_COMPILER_GENERATE_SWIFT_ASSET_SYMBOL_EXTENSIONS = YES;
				CLANG_ANALYZER_NONNULL = YES;
				CLANG_ANALYZER_NUMBER_OBJECT_CONVERSION = YES_AGGRESSIVE;
				CLANG_CXX_LANGUAGE_STANDARD = "gnu++20";
				CLANG_ENABLE_MODULES = YES;
				CLANG_ENABLE_OBJC_ARC = YES;
				CLANG_ENABLE_OBJC_WEAK = YES;
				CLANG_WARN_BLOCK_CAPTURE_AUTORELEASING = YES;
				CLANG_WARN_BOOL_CONVERSION = YES;
				CLANG_WARN_COMMA = YES;
				CLANG_WARN_CONSTANT_CONVERSION = YES;
				CLANG_WARN_DEPRECATED_OBJC_IMPLEMENTATIONS = YES;
				CLANG_WARN_DIRECT_OBJC_ISA_USAGE = YES_ERROR;
				CLANG_WARN_DOCUMENTATION_COMMENTS = YES;
				CLANG_WARN_EMPTY_BODY = YES;
				CLANG_WARN_ENUM_CONVERSION = YES;
				CLANG_WARN_INFINITE_RECURSION = YES;
				CLANG_WARN_INT_CONVERSION = YES;
				CLANG_WARN_NON_LITERAL_NULL_CONVERSION = YES;
				CLANG_WARN_OBJC_IMPLICIT_RETAIN_SELF = YES;
				CLANG_WARN_OBJC_LITERAL_CONVERSION = YES;
				CLANG_WARN_OBJC_ROOT_CLASS = YES_ERROR;
				CLANG_WARN_QUOTED_INCLUDE_IN_FRAMEWORK_HEADER = YES;
				CLANG_WARN_RANGE_LOOP_ANALYSIS = YES;
				CLANG_WARN_STRICT_PROTOTYPES = YES;
				CLANG_WARN_SUSPICIOUS_MOVE = YES;
				CLANG_WARN_UNGUARDED_AVAILABILITY = YES_AGGRESSIVE;
				CLANG_WARN_UNREACHABLE_CODE = YES;
				CLANG_WARN__DUPLICATE_METHOD_MATCH = YES;
				COPY_PHASE_STRIP = NO;
				DEBUG_INFORMATION_FORMAT = "dwarf-with-dsym";
				ENABLE_NS_ASSERTIONS = NO;
				ENABLE_STRICT_OBJC_MSGSEND = YES;
				ENABLE_USER_SCRIPT_SANDBOXING = YES;
				GCC_C_LANGUAGE_STANDARD = gnu17;
				GCC_NO_COMMON_BLOCKS = YES;
				GCC_WARN_64_TO_32_BIT_CONVERSION = YES;
				GCC_WARN_ABOUT_RETURN_TYPE = YES_ERROR;
				GCC_WARN_UNDECLARED_SELECTOR = YES;
				GCC_WARN_UNINITIALIZED_AUTOS = YES_AGGRESSIVE;
				GCC_WARN_UNUSED_FUNCTION = YES;
				GCC_WARN_UNUSED_VARIABLE = YES;
				IPHONEOS_DEPLOYMENT_TARGET = 17.2;
				LOCALIZATION_PREFERS_STRING_CATALOGS = YES;
				MTL_ENABLE_DEBUG_INFO = NO;
				MTL_FAST_MATH = YES;
				SDKROOT = iphoneos;
				SWIFT_COMPILATION_MODE = wholemodule;
				VALIDATE_PRODUCT = YES;
			};
			name = Release;
		};
		57BBF7CB2BAF4310007EC31E /* Debug */ = {
			isa = XCBuildConfiguration;
			buildSettings = {
				ASSETCATALOG_COMPILER_APPICON_NAME = AppIcon;
				ASSETCATALOG_COMPILER_GLOBAL_ACCENT_COLOR_NAME = AccentColor;
				CODE_SIGN_STYLE = Automatic;
				CURRENT_PROJECT_VERSION = 1;
				DEVELOPMENT_TEAM = 8RR26756PN;
				GENERATE_INFOPLIST_FILE = YES;
				INFOPLIST_FILE = MyWallet/Resources/Info.plist;
				INFOPLIST_KEY_UIApplicationSupportsIndirectInputEvents = YES;
				INFOPLIST_KEY_UILaunchStoryboardName = LaunchScreen;
				INFOPLIST_KEY_UISupportedInterfaceOrientations = UIInterfaceOrientationPortrait;
				INFOPLIST_KEY_UISupportedInterfaceOrientations_iPad = "UIInterfaceOrientationLandscapeLeft UIInterfaceOrientationLandscapeRight UIInterfaceOrientationPortrait UIInterfaceOrientationPortraitUpsideDown";
				IPHONEOS_DEPLOYMENT_TARGET = 15.0;
				LD_RUNPATH_SEARCH_PATHS = (
					"$(inherited)",
					"@executable_path/Frameworks",
				);
				MARKETING_VERSION = 1.0;
				PRODUCT_BUNDLE_IDENTIFIER = com.IvanBiriukov.MyWallet;
				PRODUCT_NAME = "$(TARGET_NAME)";
				SUPPORTED_PLATFORMS = "iphoneos iphonesimulator";
				SUPPORTS_MACCATALYST = NO;
				SUPPORTS_MAC_DESIGNED_FOR_IPHONE_IPAD = NO;
				SUPPORTS_XR_DESIGNED_FOR_IPHONE_IPAD = NO;
				SWIFT_EMIT_LOC_STRINGS = YES;
				SWIFT_VERSION = 5.0;
				TARGETED_DEVICE_FAMILY = 1;
			};
			name = Debug;
		};
		57BBF7CC2BAF4310007EC31E /* Release */ = {
			isa = XCBuildConfiguration;
			buildSettings = {
				ASSETCATALOG_COMPILER_APPICON_NAME = AppIcon;
				ASSETCATALOG_COMPILER_GLOBAL_ACCENT_COLOR_NAME = AccentColor;
				CODE_SIGN_STYLE = Automatic;
				CURRENT_PROJECT_VERSION = 1;
				DEVELOPMENT_TEAM = 8RR26756PN;
				GENERATE_INFOPLIST_FILE = YES;
				INFOPLIST_FILE = MyWallet/Resources/Info.plist;
				INFOPLIST_KEY_UIApplicationSupportsIndirectInputEvents = YES;
				INFOPLIST_KEY_UILaunchStoryboardName = LaunchScreen;
				INFOPLIST_KEY_UISupportedInterfaceOrientations = UIInterfaceOrientationPortrait;
				INFOPLIST_KEY_UISupportedInterfaceOrientations_iPad = "UIInterfaceOrientationLandscapeLeft UIInterfaceOrientationLandscapeRight UIInterfaceOrientationPortrait UIInterfaceOrientationPortraitUpsideDown";
				IPHONEOS_DEPLOYMENT_TARGET = 15.0;
				LD_RUNPATH_SEARCH_PATHS = (
					"$(inherited)",
					"@executable_path/Frameworks",
				);
				MARKETING_VERSION = 1.0;
				PRODUCT_BUNDLE_IDENTIFIER = com.IvanBiriukov.MyWallet;
				PRODUCT_NAME = "$(TARGET_NAME)";
				SUPPORTED_PLATFORMS = "iphoneos iphonesimulator";
				SUPPORTS_MACCATALYST = NO;
				SUPPORTS_MAC_DESIGNED_FOR_IPHONE_IPAD = NO;
				SUPPORTS_XR_DESIGNED_FOR_IPHONE_IPAD = NO;
				SWIFT_EMIT_LOC_STRINGS = YES;
				SWIFT_VERSION = 5.0;
				TARGETED_DEVICE_FAMILY = 1;
			};
			name = Release;
		};
/* End XCBuildConfiguration section */

/* Begin XCConfigurationList section */
		57BBF7B12BAF430E007EC31E /* Build configuration list for PBXProject "MyWallet" */ = {
			isa = XCConfigurationList;
			buildConfigurations = (
				57BBF7C82BAF4310007EC31E /* Debug */,
				57BBF7C92BAF4310007EC31E /* Release */,
			);
			defaultConfigurationIsVisible = 0;
			defaultConfigurationName = Release;
		};
		57BBF7CA2BAF4310007EC31E /* Build configuration list for PBXNativeTarget "MyWallet" */ = {
			isa = XCConfigurationList;
			buildConfigurations = (
				57BBF7CB2BAF4310007EC31E /* Debug */,
				57BBF7CC2BAF4310007EC31E /* Release */,
			);
			defaultConfigurationIsVisible = 0;
			defaultConfigurationName = Release;
		};
/* End XCConfigurationList section */

/* Begin XCRemoteSwiftPackageReference section */
		57D6785B2BC9F68A00B6E132 /* XCRemoteSwiftPackageReference "SnapKit" */ = {
			isa = XCRemoteSwiftPackageReference;
			repositoryURL = "https://github.com/SnapKit/SnapKit.git";
			requirement = {
				kind = upToNextMajorVersion;
				minimumVersion = 5.7.1;
			};
		};
/* End XCRemoteSwiftPackageReference section */

/* Begin XCSwiftPackageProductDependency section */
		57D6785C2BC9F68A00B6E132 /* SnapKit */ = {
			isa = XCSwiftPackageProductDependency;
			package = 57D6785B2BC9F68A00B6E132 /* XCRemoteSwiftPackageReference "SnapKit" */;
			productName = SnapKit;
		};
/* End XCSwiftPackageProductDependency section */
	};
	rootObject = 57BBF7AE2BAF430E007EC31E /* Project object */;
}
